
Microsoft Visual Studio Solution File, Format Version 12.00
# Visual Studio 15
VisualStudioVersion = 15.0.28307.779
MinimumVisualStudioVersion = 10.0.40219.1
Project("{FAE04EC0-301F-11D3-BF4B-00C04F79EFBC}") = "coreWebApiTest", "coreWebApiTest\coreWebApiTest.csproj", "{5BAE17CB-5B04-46A2-AAD0-6A12A1090CE7}"
EndProject
Global
	GlobalSection(SolutionConfigurationPlatforms) = preSolution
		Debug|Any CPU = Debug|Any CPU
		Release|Any CPU = Release|Any CPU
	EndGlobalSection
	GlobalSection(ProjectConfigurationPlatforms) = postSolution
		{5BAE17CB-5B04-46A2-AAD0-6A12A1090CE7}.Debug|Any CPU.ActiveCfg = Debug|Any CPU
		{5BAE17CB-5B04-46A2-AAD0-6A12A1090CE7}.Debug|Any CPU.Build.0 = Debug|Any CPU
		{5BAE17CB-5B04-46A2-AAD0-6A12A1090CE7}.Release|Any CPU.ActiveCfg = Release|Any CPU
		{5BAE17CB-5B04-46A2-AAD0-6A12A1090CE7}.Release|Any CPU.Build.0 = Release|Any CPU
	EndGlobalSection
	GlobalSection(SolutionProperties) = preSolution
		HideSolutionNode = FALSE
	EndGlobalSection
	GlobalSection(ExtensibilityGlobals) = postSolution
		SolutionGuid = {9E91E934-BF44-45F1-A510-0DC11A4E11BF}
	EndGlobalSection
EndGlobal
